# THIS IS AN AUTOGENERATED FILE. DO NOT EDIT THIS FILE DIRECTLY.
# yarn lockfile v1


"@types/node@^20.5.1":
  version "20.5.1"
  resolved "https://registry.yarnpkg.com/@types/node/-/node-20.5.1.tgz#178d58ee7e4834152b0e8b4d30cbfab578b9bb30"
  integrity sha512-4tT2UrL5LBqDwoed9wZ6N3umC4Yhz3W3FloMmiiG4JwmUJWpie0c7lcnUNd4gtMKuDEO4wRVS8B6Xa0uMRsMKg==

three@^0.155.0:
  version "0.155.0"
  resolved "https://registry.yarnpkg.com/three/-/three-0.155.0.tgz#cca9b8ad817830c8b4fdd8f0d9a12a2e413a2672"
  integrity sha512-sNgCYmDijnIqkD/bMfk+1pHg3YzsxW7V2ChpuP6HCQ8NiZr3RufsXQr8M3SSUMjW4hG+sUk7YbyuY0DncaDTJQ==
