# THIS IS AN AUTOGENERATED FILE. DO NOT EDIT THIS FILE DIRECTLY.
# yarn lockfile v1


three@^0.156.1:
  version "0.156.1"
  resolved "https://registry.npmmirror.com/three/-/three-0.156.1.tgz#bab4fec121a5b3975eb4f4d227d9c912171eb399"
  integrity sha512-kP7H0FK9d/k6t/XvQ9FO6i+QrePoDcNhwl0I02+wmUJRNSLCUIDMcfObnzQvxb37/0Uc9TDT0T1HgsRRrO6SYQ==
